
Microsoft Visual Studio Solution File, Format Version 12.00
# Visual Studio Version 17
VisualStudioVersion = 17.0.31903.59
MinimumVisualStudioVersion = 10.0.40219.1
Project("{2150E333-8FDC-42A3-9474-1A3956D46DE8}") = "src", "src", "{827E0CD3-B72D-47B6-A68D-7590B98EB39B}"
EndProject
Project("{FAE04EC0-301F-11D3-BF4B-00C04F79EFBC}") = "Deadbelt.Shared", "src\Deadbelt.Shared\Deadbelt.Shared.csproj", "{9BAC08F0-7279-4875-AB94-7EA0D4132FC6}"
EndProject
Project("{FAE04EC0-301F-11D3-BF4B-00C04F79EFBC}") = "Deadbelt.Domain", "src\Deadbelt.Domain\Deadbelt.Domain.csproj", "{911C31A9-1DE5-419F-AD39-B3C9AFE175FC}"
EndProject
Project("{FAE04EC0-301F-11D3-BF4B-00C04F79EFBC}") = "Deadbelt.Application", "src\Deadbelt.Application\Deadbelt.Application.csproj", "{69772F0C-9052-47D1-AD13-BEDC80523240}"
EndProject
Project("{FAE04EC0-301F-11D3-BF4B-00C04F79EFBC}") = "Deadbelt.Infrastructure", "src\Deadbelt.Infrastructure\Deadbelt.Infrastructure.csproj", "{C93F3C52-E7C8-4D5B-BCB7-6154F5657AC4}"
EndProject
Project("{FAE04EC0-301F-11D3-BF4B-00C04F79EFBC}") = "Deadbelt.Providers", "src\Deadbelt.Providers\Deadbelt.Providers.csproj", "{84605EC0-1C45-4EC4-9314-1D4C405AAC5B}"
EndProject
Project("{FAE04EC0-301F-11D3-BF4B-00C04F79EFBC}") = "Deadbelt.Extensions", "src\Deadbelt.Extensions\Deadbelt.Extensions.csproj", "{54805332-B1D9-4484-AB54-C568AD80A524}"
EndProject
Project("{FAE04EC0-301F-11D3-BF4B-00C04F79EFBC}") = "Deadbelt.Desktop", "src\Deadbelt.Desktop\Deadbelt.Desktop.csproj", "{1D53F2DD-58BD-4957-BB4C-F90FC4C81AD1}"
EndProject
Project("{FAE04EC0-301F-11D3-BF4B-00C04F79EFBC}") = "Deadbelt.Cli", "src\Deadbelt.Cli\Deadbelt.Cli.csproj", "{936B44A7-2591-43E1-B418-FDBBAC924492}"
EndProject
Global
	GlobalSection(SolutionConfigurationPlatforms) = preSolution
		Debug|Any CPU = Debug|Any CPU
		Debug|x64 = Debug|x64
		Debug|x86 = Debug|x86
		Release|Any CPU = Release|Any CPU
		Release|x64 = Release|x64
		Release|x86 = Release|x86
	EndGlobalSection
	GlobalSection(ProjectConfigurationPlatforms) = postSolution
		{9BAC08F0-7279-4875-AB94-7EA0D4132FC6}.Debug|Any CPU.ActiveCfg = Debug|Any CPU
		{9BAC08F0-7279-4875-AB94-7EA0D4132FC6}.Debug|Any CPU.Build.0 = Debug|Any CPU
		{9BAC08F0-7279-4875-AB94-7EA0D4132FC6}.Debug|x64.ActiveCfg = Debug|Any CPU
		{9BAC08F0-7279-4875-AB94-7EA0D4132FC6}.Debug|x64.Build.0 = Debug|Any CPU
		{9BAC08F0-7279-4875-AB94-7EA0D4132FC6}.Debug|x86.ActiveCfg = Debug|Any CPU
		{9BAC08F0-7279-4875-AB94-7EA0D4132FC6}.Debug|x86.Build.0 = Debug|Any CPU
		{9BAC08F0-7279-4875-AB94-7EA0D4132FC6}.Release|Any CPU.ActiveCfg = Release|Any CPU
		{9BAC08F0-7279-4875-AB94-7EA0D4132FC6}.Release|Any CPU.Build.0 = Release|Any CPU
		{9BAC08F0-7279-4875-AB94-7EA0D4132FC6}.Release|x64.ActiveCfg = Release|Any CPU
		{9BAC08F0-7279-4875-AB94-7EA0D4132FC6}.Release|x64.Build.0 = Release|Any CPU
		{9BAC08F0-7279-4875-AB94-7EA0D4132FC6}.Release|x86.ActiveCfg = Release|Any CPU
		{9BAC08F0-7279-4875-AB94-7EA0D4132FC6}.Release|x86.Build.0 = Release|Any CPU
		{911C31A9-1DE5-419F-AD39-B3C9AFE175FC}.Debug|Any CPU.ActiveCfg = Debug|Any CPU
		{911C31A9-1DE5-419F-AD39-B3C9AFE175FC}.Debug|Any CPU.Build.0 = Debug|Any CPU
		{911C31A9-1DE5-419F-AD39-B3C9AFE175FC}.Debug|x64.ActiveCfg = Debug|Any CPU
		{911C31A9-1DE5-419F-AD39-B3C9AFE175FC}.Debug|x64.Build.0 = Debug|Any CPU
		{911C31A9-1DE5-419F-AD39-B3C9AFE175FC}.Debug|x86.ActiveCfg = Debug|Any CPU
		{911C31A9-1DE5-419F-AD39-B3C9AFE175FC}.Debug|x86.Build.0 = Debug|Any CPU
		{911C31A9-1DE5-419F-AD39-B3C9AFE175FC}.Release|Any CPU.ActiveCfg = Release|Any CPU
		{911C31A9-1DE5-419F-AD39-B3C9AFE175FC}.Release|Any CPU.Build.0 = Release|Any CPU
		{911C31A9-1DE5-419F-AD39-B3C9AFE175FC}.Release|x64.ActiveCfg = Release|Any CPU
		{911C31A9-1DE5-419F-AD39-B3C9AFE175FC}.Release|x64.Build.0 = Release|Any CPU
		{911C31A9-1DE5-419F-AD39-B3C9AFE175FC}.Release|x86.ActiveCfg = Release|Any CPU
		{911C31A9-1DE5-419F-AD39-B3C9AFE175FC}.Release|x86.Build.0 = Release|Any CPU
		{69772F0C-9052-47D1-AD13-BEDC80523240}.Debug|Any CPU.ActiveCfg = Debug|Any CPU
		{69772F0C-9052-47D1-AD13-BEDC80523240}.Debug|Any CPU.Build.0 = Debug|Any CPU
		{69772F0C-9052-47D1-AD13-BEDC80523240}.Debug|x64.ActiveCfg = Debug|Any CPU
		{69772F0C-9052-47D1-AD13-BEDC80523240}.Debug|x64.Build.0 = Debug|Any CPU
		{69772F0C-9052-47D1-AD13-BEDC80523240}.Debug|x86.ActiveCfg = Debug|Any CPU
		{69772F0C-9052-47D1-AD13-BEDC80523240}.Debug|x86.Build.0 = Debug|Any CPU
		{69772F0C-9052-47D1-AD13-BEDC80523240}.Release|Any CPU.ActiveCfg = Release|Any CPU
		{69772F0C-9052-47D1-AD13-BEDC80523240}.Release|Any CPU.Build.0 = Release|Any CPU
		{69772F0C-9052-47D1-AD13-BEDC80523240}.Release|x64.ActiveCfg = Release|Any CPU
		{69772F0C-9052-47D1-AD13-BEDC80523240}.Release|x64.Build.0 = Release|Any CPU
		{69772F0C-9052-47D1-AD13-BEDC80523240}.Release|x86.ActiveCfg = Release|Any CPU
		{69772F0C-9052-47D1-AD13-BEDC80523240}.Release|x86.Build.0 = Release|Any CPU
		{C93F3C52-E7C8-4D5B-BCB7-6154F5657AC4}.Debug|Any CPU.ActiveCfg = Debug|Any CPU
		{C93F3C52-E7C8-4D5B-BCB7-6154F5657AC4}.Debug|Any CPU.Build.0 = Debug|Any CPU
		{C93F3C52-E7C8-4D5B-BCB7-6154F5657AC4}.Debug|x64.ActiveCfg = Debug|Any CPU
		{C93F3C52-E7C8-4D5B-BCB7-6154F5657AC4}.Debug|x64.Build.0 = Debug|Any CPU
		{C93F3C52-E7C8-4D5B-BCB7-6154F5657AC4}.Debug|x86.ActiveCfg = Debug|Any CPU
		{C93F3C52-E7C8-4D5B-BCB7-6154F5657AC4}.Debug|x86.Build.0 = Debug|Any CPU
		{C93F3C52-E7C8-4D5B-BCB7-6154F5657AC4}.Release|Any CPU.ActiveCfg = Release|Any CPU
		{C93F3C52-E7C8-4D5B-BCB7-6154F5657AC4}.Release|Any CPU.Build.0 = Release|Any CPU
		{C93F3C52-E7C8-4D5B-BCB7-6154F5657AC4}.Release|x64.ActiveCfg = Release|Any CPU
		{C93F3C52-E7C8-4D5B-BCB7-6154F5657AC4}.Release|x64.Build.0 = Release|Any CPU
		{C93F3C52-E7C8-4D5B-BCB7-6154F5657AC4}.Release|x86.ActiveCfg = Release|Any CPU
		{C93F3C52-E7C8-4D5B-BCB7-6154F5657AC4}.Release|x86.Build.0 = Release|Any CPU
		{84605EC0-1C45-4EC4-9314-1D4C405AAC5B}.Debug|Any CPU.ActiveCfg = Debug|Any CPU
		{84605EC0-1C45-4EC4-9314-1D4C405AAC5B}.Debug|Any CPU.Build.0 = Debug|Any CPU
		{84605EC0-1C45-4EC4-9314-1D4C405AAC5B}.Debug|x64.ActiveCfg = Debug|Any CPU
		{84605EC0-1C45-4EC4-9314-1D4C405AAC5B}.Debug|x64.Build.0 = Debug|Any CPU
		{84605EC0-1C45-4EC4-9314-1D4C405AAC5B}.Debug|x86.ActiveCfg = Debug|Any CPU
		{84605EC0-1C45-4EC4-9314-1D4C405AAC5B}.Debug|x86.Build.0 = Debug|Any CPU
		{84605EC0-1C45-4EC4-9314-1D4C405AAC5B}.Release|Any CPU.ActiveCfg = Release|Any CPU
		{84605EC0-1C45-4EC4-9314-1D4C405AAC5B}.Release|Any CPU.Build.0 = Release|Any CPU
		{84605EC0-1C45-4EC4-9314-1D4C405AAC5B}.Release|x64.ActiveCfg = Release|Any CPU
		{84605EC0-1C45-4EC4-9314-1D4C405AAC5B}.Release|x64.Build.0 = Release|Any CPU
		{84605EC0-1C45-4EC4-9314-1D4C405AAC5B}.Release|x86.ActiveCfg = Release|Any CPU
		{84605EC0-1C45-4EC4-9314-1D4C405AAC5B}.Release|x86.Build.0 = Release|Any CPU
		{54805332-B1D9-4484-AB54-C568AD80A524}.Debug|Any CPU.ActiveCfg = Debug|Any CPU
		{54805332-B1D9-4484-AB54-C568AD80A524}.Debug|Any CPU.Build.0 = Debug|Any CPU
		{54805332-B1D9-4484-AB54-C568AD80A524}.Debug|x64.ActiveCfg = Debug|Any CPU
		{54805332-B1D9-4484-AB54-C568AD80A524}.Debug|x64.Build.0 = Debug|Any CPU
		{54805332-B1D9-4484-AB54-C568AD80A524}.Debug|x86.ActiveCfg = Debug|Any CPU
		{54805332-B1D9-4484-AB54-C568AD80A524}.Debug|x86.Build.0 = Debug|Any CPU
		{54805332-B1D9-4484-AB54-C568AD80A524}.Release|Any CPU.ActiveCfg = Release|Any CPU
		{54805332-B1D9-4484-AB54-C568AD80A524}.Release|Any CPU.Build.0 = Release|Any CPU
		{54805332-B1D9-4484-AB54-C568AD80A524}.Release|x64.ActiveCfg = Release|Any CPU
		{54805332-B1D9-4484-AB54-C568AD80A524}.Release|x64.Build.0 = Release|Any CPU
		{54805332-B1D9-4484-AB54-C568AD80A524}.Release|x86.ActiveCfg = Release|Any CPU
		{54805332-B1D9-4484-AB54-C568AD80A524}.Release|x86.Build.0 = Release|Any CPU
		{1D53F2DD-58BD-4957-BB4C-F90FC4C81AD1}.Debug|Any CPU.ActiveCfg = Debug|Any CPU
		{1D53F2DD-58BD-4957-BB4C-F90FC4C81AD1}.Debug|Any CPU.Build.0 = Debug|Any CPU
		{1D53F2DD-58BD-4957-BB4C-F90FC4C81AD1}.Debug|x64.ActiveCfg = Debug|Any CPU
		{1D53F2DD-58BD-4957-BB4C-F90FC4C81AD1}.Debug|x64.Build.0 = Debug|Any CPU
		{1D53F2DD-58BD-4957-BB4C-F90FC4C81AD1}.Debug|x86.ActiveCfg = Debug|Any CPU
		{1D53F2DD-58BD-4957-BB4C-F90FC4C81AD1}.Debug|x86.Build.0 = Debug|Any CPU
		{1D53F2DD-58BD-4957-BB4C-F90FC4C81AD1}.Release|Any CPU.ActiveCfg = Release|Any CPU
		{1D53F2DD-58BD-4957-BB4C-F90FC4C81AD1}.Release|Any CPU.Build.0 = Release|Any CPU
		{1D53F2DD-58BD-4957-BB4C-F90FC4C81AD1}.Release|x64.ActiveCfg = Release|Any CPU
		{1D53F2DD-58BD-4957-BB4C-F90FC4C81AD1}.Release|x64.Build.0 = Release|Any CPU
		{1D53F2DD-58BD-4957-BB4C-F90FC4C81AD1}.Release|x86.ActiveCfg = Release|Any CPU
		{1D53F2DD-58BD-4957-BB4C-F90FC4C81AD1}.Release|x86.Build.0 = Release|Any CPU
		{936B44A7-2591-43E1-B418-FDBBAC924492}.Debug|Any CPU.ActiveCfg = Debug|Any CPU
		{936B44A7-2591-43E1-B418-FDBBAC924492}.Debug|Any CPU.Build.0 = Debug|Any CPU
		{936B44A7-2591-43E1-B418-FDBBAC924492}.Debug|x64.ActiveCfg = Debug|Any CPU
		{936B44A7-2591-43E1-B418-FDBBAC924492}.Debug|x64.Build.0 = Debug|Any CPU
		{936B44A7-2591-43E1-B418-FDBBAC924492}.Debug|x86.ActiveCfg = Debug|Any CPU
		{936B44A7-2591-43E1-B418-FDBBAC924492}.Debug|x86.Build.0 = Debug|Any CPU
		{936B44A7-2591-43E1-B418-FDBBAC924492}.Release|Any CPU.ActiveCfg = Release|Any CPU
		{936B44A7-2591-43E1-B418-FDBBAC924492}.Release|Any CPU.Build.0 = Release|Any CPU
		{936B44A7-2591-43E1-B418-FDBBAC924492}.Release|x64.ActiveCfg = Release|Any CPU
		{936B44A7-2591-43E1-B418-FDBBAC924492}.Release|x64.Build.0 = Release|Any CPU
		{936B44A7-2591-43E1-B418-FDBBAC924492}.Release|x86.ActiveCfg = Release|Any CPU
		{936B44A7-2591-43E1-B418-FDBBAC924492}.Release|x86.Build.0 = Release|Any CPU
	EndGlobalSection
	GlobalSection(SolutionProperties) = preSolution
		HideSolutionNode = FALSE
	EndGlobalSection
	GlobalSection(NestedProjects) = preSolution
		{9BAC08F0-7279-4875-AB94-7EA0D4132FC6} = {827E0CD3-B72D-47B6-A68D-7590B98EB39B}
		{911C31A9-1DE5-419F-AD39-B3C9AFE175FC} = {827E0CD3-B72D-47B6-A68D-7590B98EB39B}
		{69772F0C-9052-47D1-AD13-BEDC80523240} = {827E0CD3-B72D-47B6-A68D-7590B98EB39B}
		{C93F3C52-E7C8-4D5B-BCB7-6154F5657AC4} = {827E0CD3-B72D-47B6-A68D-7590B98EB39B}
		{84605EC0-1C45-4EC4-9314-1D4C405AAC5B} = {827E0CD3-B72D-47B6-A68D-7590B98EB39B}
		{54805332-B1D9-4484-AB54-C568AD80A524} = {827E0CD3-B72D-47B6-A68D-7590B98EB39B}
		{1D53F2DD-58BD-4957-BB4C-F90FC4C81AD1} = {827E0CD3-B72D-47B6-A68D-7590B98EB39B}
		{936B44A7-2591-43E1-B418-FDBBAC924492} = {827E0CD3-B72D-47B6-A68D-7590B98EB39B}
	EndGlobalSection
EndGlobal
